
Microsoft Visual Studio Solution File, Format Version 12.00
# Visual Studio Version 17
VisualStudioVersion = 17.13.35825.156
MinimumVisualStudioVersion = 10.0.40219.1
Project("{8BC9CEB8-8B4A-11D0-8D11-00A0C91BC942}") = "Project_08", "Project01\Project01.vcxproj", "{2E677B25-D083-4628-8A27-B9D3348B24AE}"
EndProject
Project("{8BC9CEB8-8B4A-11D0-8D11-00A0C91BC942}") = "Project_09", "Project02\Project02.vcxproj", "{4190DFED-D97C-44A1-A7F3-277A042C93B5}"
EndProject
Project("{8BC9CEB8-8B4A-11D0-8D11-00A0C91BC942}") = "Project_10", "Project03\Project03.vcxproj", "{BBA872C5-F047-4B03-8F30-014511979D1D}"
EndProject
Project("{8BC9CEB8-8B4A-11D0-8D11-00A0C91BC942}") = "Project_11", "Project11\Project11.vcxproj", "{43D0CFF4-1FDE-470C-A952-672E6CA6D7D9}"
EndProject
Project("{8BC9CEB8-8B4A-11D0-8D11-00A0C91BC942}") = "Project_12", "Project_12\Project_12.vcxproj", "{028571C0-A747-43C1-96B5-F2D3826C1F69}"
EndProject
Project("{8BC9CEB8-8B4A-11D0-8D11-00A0C91BC942}") = "Project_14", "Project_14\Project_14.vcxproj", "{6460526E-29D0-4F4D-84AA-386DFF4FD016}"
EndProject
Project("{8BC9CEB8-8B4A-11D0-8D11-00A0C91BC942}") = "Project_13", "Project_13\Project_13.vcxproj", "{2B0CD1AA-CE44-4D84-BEDB-52566FABB4B8}"
EndProject
Global
	GlobalSection(SolutionConfigurationPlatforms) = preSolution
		Debug|x64 = Debug|x64
		Debug|x86 = Debug|x86
		Release|x64 = Release|x64
		Release|x86 = Release|x86
	EndGlobalSection
	GlobalSection(ProjectConfigurationPlatforms) = postSolution
		{2E677B25-D083-4628-8A27-B9D3348B24AE}.Debug|x64.ActiveCfg = Debug|x64
		{2E677B25-D083-4628-8A27-B9D3348B24AE}.Debug|x64.Build.0 = Debug|x64
		{2E677B25-D083-4628-8A27-B9D3348B24AE}.Debug|x86.ActiveCfg = Debug|Win32
		{2E677B25-D083-4628-8A27-B9D3348B24AE}.Debug|x86.Build.0 = Debug|Win32
		{2E677B25-D083-4628-8A27-B9D3348B24AE}.Release|x64.ActiveCfg = Release|x64
		{2E677B25-D083-4628-8A27-B9D3348B24AE}.Release|x64.Build.0 = Release|x64
		{2E677B25-D083-4628-8A27-B9D3348B24AE}.Release|x86.ActiveCfg = Release|Win32
		{2E677B25-D083-4628-8A27-B9D3348B24AE}.Release|x86.Build.0 = Release|Win32
		{4190DFED-D97C-44A1-A7F3-277A042C93B5}.Debug|x64.ActiveCfg = Debug|x64
		{4190DFED-D97C-44A1-A7F3-277A042C93B5}.Debug|x64.Build.0 = Debug|x64
		{4190DFED-D97C-44A1-A7F3-277A042C93B5}.Debug|x86.ActiveCfg = Debug|Win32
		{4190DFED-D97C-44A1-A7F3-277A042C93B5}.Debug|x86.Build.0 = Debug|Win32
		{4190DFED-D97C-44A1-A7F3-277A042C93B5}.Release|x64.ActiveCfg = Release|x64
		{4190DFED-D97C-44A1-A7F3-277A042C93B5}.Release|x64.Build.0 = Release|x64
		{4190DFED-D97C-44A1-A7F3-277A042C93B5}.Release|x86.ActiveCfg = Release|Win32
		{4190DFED-D97C-44A1-A7F3-277A042C93B5}.Release|x86.Build.0 = Release|Win32
		{BBA872C5-F047-4B03-8F30-014511979D1D}.Debug|x64.ActiveCfg = Debug|x64
		{BBA872C5-F047-4B03-8F30-014511979D1D}.Debug|x64.Build.0 = Debug|x64
		{BBA872C5-F047-4B03-8F30-014511979D1D}.Debug|x86.ActiveCfg = Debug|Win32
		{BBA872C5-F047-4B03-8F30-014511979D1D}.Debug|x86.Build.0 = Debug|Win32
		{BBA872C5-F047-4B03-8F30-014511979D1D}.Release|x64.ActiveCfg = Release|x64
		{BBA872C5-F047-4B03-8F30-014511979D1D}.Release|x64.Build.0 = Release|x64
		{BBA872C5-F047-4B03-8F30-014511979D1D}.Release|x86.ActiveCfg = Release|Win32
		{BBA872C5-F047-4B03-8F30-014511979D1D}.Release|x86.Build.0 = Release|Win32
		{43D0CFF4-1FDE-470C-A952-672E6CA6D7D9}.Debug|x64.ActiveCfg = Debug|x64
		{43D0CFF4-1FDE-470C-A952-672E6CA6D7D9}.Debug|x64.Build.0 = Debug|x64
		{43D0CFF4-1FDE-470C-A952-672E6CA6D7D9}.Debug|x86.ActiveCfg = Debug|Win32
		{43D0CFF4-1FDE-470C-A952-672E6CA6D7D9}.Debug|x86.Build.0 = Debug|Win32
		{43D0CFF4-1FDE-470C-A952-672E6CA6D7D9}.Release|x64.ActiveCfg = Release|x64
		{43D0CFF4-1FDE-470C-A952-672E6CA6D7D9}.Release|x64.Build.0 = Release|x64
		{43D0CFF4-1FDE-470C-A952-672E6CA6D7D9}.Release|x86.ActiveCfg = Release|Win32
		{43D0CFF4-1FDE-470C-A952-672E6CA6D7D9}.Release|x86.Build.0 = Release|Win32
		{028571C0-A747-43C1-96B5-F2D3826C1F69}.Debug|x64.ActiveCfg = Debug|x64
		{028571C0-A747-43C1-96B5-F2D3826C1F69}.Debug|x64.Build.0 = Debug|x64
		{028571C0-A747-43C1-96B5-F2D3826C1F69}.Debug|x86.ActiveCfg = Debug|Win32
		{028571C0-A747-43C1-96B5-F2D3826C1F69}.Debug|x86.Build.0 = Debug|Win32
		{028571C0-A747-43C1-96B5-F2D3826C1F69}.Release|x64.ActiveCfg = Release|x64
		{028571C0-A747-43C1-96B5-F2D3826C1F69}.Release|x64.Build.0 = Release|x64
		{028571C0-A747-43C1-96B5-F2D3826C1F69}.Release|x86.ActiveCfg = Release|Win32
		{028571C0-A747-43C1-96B5-F2D3826C1F69}.Release|x86.Build.0 = Release|Win32
		{6460526E-29D0-4F4D-84AA-386DFF4FD016}.Debug|x64.ActiveCfg = Debug|x64
		{6460526E-29D0-4F4D-84AA-386DFF4FD016}.Debug|x64.Build.0 = Debug|x64
		{6460526E-29D0-4F4D-84AA-386DFF4FD016}.Debug|x86.ActiveCfg = Debug|Win32
		{6460526E-29D0-4F4D-84AA-386DFF4FD016}.Debug|x86.Build.0 = Debug|Win32
		{6460526E-29D0-4F4D-84AA-386DFF4FD016}.Release|x64.ActiveCfg = Release|x64
		{6460526E-29D0-4F4D-84AA-386DFF4FD016}.Release|x64.Build.0 = Release|x64
		{6460526E-29D0-4F4D-84AA-386DFF4FD016}.Release|x86.ActiveCfg = Release|Win32
		{6460526E-29D0-4F4D-84AA-386DFF4FD016}.Release|x86.Build.0 = Release|Win32
		{2B0CD1AA-CE44-4D84-BEDB-52566FABB4B8}.Debug|x64.ActiveCfg = Debug|x64
		{2B0CD1AA-CE44-4D84-BEDB-52566FABB4B8}.Debug|x64.Build.0 = Debug|x64
		{2B0CD1AA-CE44-4D84-BEDB-52566FABB4B8}.Debug|x86.ActiveCfg = Debug|Win32
		{2B0CD1AA-CE44-4D84-BEDB-52566FABB4B8}.Debug|x86.Build.0 = Debug|Win32
		{2B0CD1AA-CE44-4D84-BEDB-52566FABB4B8}.Release|x64.ActiveCfg = Release|x64
		{2B0CD1AA-CE44-4D84-BEDB-52566FABB4B8}.Release|x64.Build.0 = Release|x64
		{2B0CD1AA-CE44-4D84-BEDB-52566FABB4B8}.Release|x86.ActiveCfg = Release|Win32
		{2B0CD1AA-CE44-4D84-BEDB-52566FABB4B8}.Release|x86.Build.0 = Release|Win32
	EndGlobalSection
	GlobalSection(SolutionProperties) = preSolution
		HideSolutionNode = FALSE
	EndGlobalSection
	GlobalSection(ExtensibilityGlobals) = postSolution
		SolutionGuid = {8F42E7D0-C364-4413-A0AA-7465541CC692}
	EndGlobalSection
EndGlobal
